{
    "version": 4,
    "terraform_version": "1.2.8",
    "serial": 3,
    "lineage": "cd4db0ea-8013-6792-1994-859c3d505e00",
    "outputs": {},
    "resources": [
      {
        "mode": "managed",
        "type": "aws_instance",
        "name": "terr",
        "provider": "provider[\"registry.terraform.io/hashicorp/aws\"]",
        "instances": [
          {
            "schema_version": 1,
            "attributes": {
              "ami": "ami-09d3b3274b6c5d4aa",
              "arn": "arn:aws:ec2:us-east-1:397683539968:instance/i-08fe7783ce404fb4b",
              "associate_public_ip_address": true,
              "availability_zone": "us-east-1c",
              "capacity_reservation_specification": [
                {
                  "capacity_reservation_preference": "open",
                  "capacity_reservation_target": []
                }
              ],
              "cpu_core_count": 1,
              "cpu_threads_per_core": 1,
              "credit_specification": [
                {
                  "cpu_credits": "standard"
                }
              ],
              "disable_api_stop": false,
              "disable_api_termination": false,
              "ebs_block_device": [],
              "ebs_optimized": false,
              "enclave_options": [
                {
                  "enabled": false
                }
              ],
              "ephemeral_block_device": [],
              "get_password_data": false,
              "hibernation": false,
              "host_id": null,
              "host_resource_group_arn": null,
              "iam_instance_profile": "",
              "id": "i-08fe7783ce404fb4b",
              "instance_initiated_shutdown_behavior": "stop",
              "instance_state": "running",
              "instance_type": "t2.micro",
              "ipv6_address_count": 0,
              "ipv6_addresses": [],
              "key_name": "",
              "launch_template": [],
              "maintenance_options": [
                {
                  "auto_recovery": "default"
                }
              ],
              "metadata_options": [
                {
                  "http_endpoint": "enabled",
                  "http_put_response_hop_limit": 1,
                  "http_tokens": "optional",
                  "instance_metadata_tags": "disabled"
                }
              ],
              "monitoring": false,
              "network_interface": [],
              "outpost_arn": "",
              "password_data": "",
              "placement_group": "",
              "placement_partition_number": null,
              "primary_network_interface_id": "eni-0adea794478b97177",
              "private_dns": "ip-172-31-93-209.ec2.internal",
              "private_dns_name_options": [
                {
                  "enable_resource_name_dns_a_record": false,
                  "enable_resource_name_dns_aaaa_record": false,
                  "hostname_type": "ip-name"
                }
              ],
              "private_ip": "172.31.93.209",
              "public_dns": "ec2-54-224-161-251.compute-1.amazonaws.com",
              "public_ip": "54.224.161.251",
              "root_block_device": [
                {
                  "delete_on_termination": true,
                  "device_name": "/dev/xvda",
                  "encrypted": false,
                  "iops": 100,
                  "kms_key_id": "",
                  "tags": {},
                  "throughput": 0,
                  "volume_id": "vol-0f9d43d2bf2819542",
                  "volume_size": 8,
                  "volume_type": "gp2"
                }
              ],
              "secondary_private_ips": [],
              "security_groups": [
                "allow_tls"
              ],
              "source_dest_check": true,
              "subnet_id": "subnet-0cd31ce434cfc8597",
              "tags": {
                "Name": "terr-jenkins-tomcat"
              },
              "tags_all": {
                "Name": "terr-jenkins-tomcat"
              },
              "tenancy": "default",
              "timeouts": null,
              "user_data": "a14e07bfb577965405a1eeceb6a811ca13ef46fb",
              "user_data_base64": null,
              "user_data_replace_on_change": false,
              "volume_tags": null,
              "vpc_security_group_ids": [
                "sg-01d8e8d5d57bfd910"
              ]
            },
            "sensitive_attributes": [],
            "private": "eyJlMmJmYjczMC1lY2FhLTExZTYtOGY4OC0zNDM2M2JjN2M0YzAiOnsiY3JlYXRlIjo2MDAwMDAwMDAwMDAsImRlbGV0ZSI6MTIwMDAwMDAwMDAwMCwidXBkYXRlIjo2MDAwMDAwMDAwMDB9LCJzY2hlbWFfdmVyc2lvbiI6IjEifQ==",
            "dependencies": [
              "aws_security_group.sg"
            ]
          }
        ]
      },
      {
        "mode": "managed",
        "type": "aws_security_group",
        "name": "sg",
        "provider": "provider[\"registry.terraform.io/hashicorp/aws\"]",
        "instances": [
          {
            "schema_version": 1,
            "attributes": {
              "arn": "arn:aws:ec2:us-east-1:397683539968:security-group/sg-01d8e8d5d57bfd910",
              "description": "Allow TLS inbound traffic",
              "egress": [
                {
                  "cidr_blocks": [
                    "0.0.0.0/0"
                  ],
                  "description": "",
                  "from_port": 0,
                  "ipv6_cidr_blocks": [
                    "::/0"
                  ],
                  "prefix_list_ids": [],
                  "protocol": "-1",
                  "security_groups": [],
                  "self": false,
                  "to_port": 0
                }
              ],
              "id": "sg-01d8e8d5d57bfd910",
              "ingress": [
                {
                  "cidr_blocks": [
                    "0.0.0.0/0"
                  ],
                  "description": "TLS from VPC",
                  "from_port": 0,
                  "ipv6_cidr_blocks": [
                    "::/0"
                  ],
                  "prefix_list_ids": [],
                  "protocol": "-1",
                  "security_groups": [],
                  "self": false,
                  "to_port": 0
                }
              ],
              "name": "allow_tls",
              "name_prefix": "",
              "owner_id": "397683539968",
              "revoke_rules_on_delete": false,
              "tags": {
                "Name": "terra-jenkins-sg"
              },
              "tags_all": {
                "Name": "terra-jenkins-sg"
              },
              "timeouts": null,
              "vpc_id": "vpc-03f18692bdccba605"
            },
            "sensitive_attributes": [],
            "private": "eyJlMmJmYjczMC1lY2FhLTExZTYtOGY4OC0zNDM2M2JjN2M0YzAiOnsiY3JlYXRlIjo2MDAwMDAwMDAwMDAsImRlbGV0ZSI6OTAwMDAwMDAwMDAwfSwic2NoZW1hX3ZlcnNpb24iOiIxIn0="
          }
        ]
      }
    ]
  }